
Microsoft Visual Studio Solution File, Format Version 12.00
# Visual Studio Version 17
VisualStudioVersion = 17.4.33205.214
MinimumVisualStudioVersion = 10.0.40219.1
Project("{9A19103F-16F7-4668-BE54-9A1E7A4F7556}") = "Net.Myzuc.Illumination", "Net.Myzuc.Illumination\Net.Myzuc.Illumination.csproj", "{4C2CBB94-0E88-4C52-9437-E4D9B8B2ED96}"
EndProject
Global
	GlobalSection(SolutionConfigurationPlatforms) = preSolution
		Debug|Any CPU = Debug|Any CPU
		Release|Any CPU = Release|Any CPU
	EndGlobalSection
	GlobalSection(ProjectConfigurationPlatforms) = postSolution
		{4C2CBB94-0E88-4C52-9437-E4D9B8B2ED96}.Debug|Any CPU.ActiveCfg = Debug|Any CPU
		{4C2CBB94-0E88-4C52-9437-E4D9B8B2ED96}.Debug|Any CPU.Build.0 = Debug|Any CPU
		{4C2CBB94-0E88-4C52-9437-E4D9B8B2ED96}.Release|Any CPU.ActiveCfg = Release|Any CPU
		{4C2CBB94-0E88-4C52-9437-E4D9B8B2ED96}.Release|Any CPU.Build.0 = Release|Any CPU
	EndGlobalSection
	GlobalSection(SolutionProperties) = preSolution
		HideSolutionNode = FALSE
	EndGlobalSection
	GlobalSection(ExtensibilityGlobals) = postSolution
		SolutionGuid = {B06D6CAD-8DF6-44B1-A163-7B9BF045F0E0}
	EndGlobalSection
EndGlobal
